// !$*UTF8*$!
{
	archiveVersion = 1;
	classes = {
	};
	objectVersion = 50;
	objects = {

/* Begin PBXBuildFile section */
		6BA1F6A024D023380063854A /* AppConstants.swift in Sources */ = {isa = PBXBuildFile; fileRef = 6BA1F69F24D023380063854A /* AppConstants.swift */; };
		6BAB74D424C84880006461DE /* ImageLoader.swift in Sources */ = {isa = PBXBuildFile; fileRef = 6BAB74D324C84880006461DE /* ImageLoader.swift */; };
		6BAB74D624C849DF006461DE /* Downloader.swift in Sources */ = {isa = PBXBuildFile; fileRef = 6BAB74D524C849DF006461DE /* Downloader.swift */; };
		6BAB74D824C84A61006461DE /* NetworkReachability.swift in Sources */ = {isa = PBXBuildFile; fileRef = 6BAB74D724C84A61006461DE /* NetworkReachability.swift */; };
		6BAB74DA24C85A15006461DE /* Helper.swift in Sources */ = {isa = PBXBuildFile; fileRef = 6BAB74D924C85A15006461DE /* Helper.swift */; };
		6BB28FCB24C2456D000373AB /* AppDelegate.swift in Sources */ = {isa = PBXBuildFile; fileRef = 6BB28FCA24C2456D000373AB /* AppDelegate.swift */; };
		6BB28FCD24C2456D000373AB /* SceneDelegate.swift in Sources */ = {isa = PBXBuildFile; fileRef = 6BB28FCC24C2456D000373AB /* SceneDelegate.swift */; };
		6BB28FD524C2456D000373AB /* Facts.xcdatamodeld in Sources */ = {isa = PBXBuildFile; fileRef = 6BB28FD324C2456D000373AB /* Facts.xcdatamodeld */; };
		6BB28FD724C24574000373AB /* Assets.xcassets in Resources */ = {isa = PBXBuildFile; fileRef = 6BB28FD624C24574000373AB /* Assets.xcassets */; };
		6BB28FDA24C24574000373AB /* LaunchScreen.storyboard in Resources */ = {isa = PBXBuildFile; fileRef = 6BB28FD824C24574000373AB /* LaunchScreen.storyboard */; };
		6BB28FE524C24574000373AB /* FactsTests.swift in Sources */ = {isa = PBXBuildFile; fileRef = 6BB28FE424C24574000373AB /* FactsTests.swift */; };
		6BB28FF524C2485D000373AB /* FactsViewController.swift in Sources */ = {isa = PBXBuildFile; fileRef = 6BB28FF424C2485D000373AB /* FactsViewController.swift */; };
		6BB28FF724C24878000373AB /* FactTableViewCell.swift in Sources */ = {isa = PBXBuildFile; fileRef = 6BB28FF624C24878000373AB /* FactTableViewCell.swift */; };
		6BB28FF924C248A0000373AB /* FactsViewModel.swift in Sources */ = {isa = PBXBuildFile; fileRef = 6BB28FF824C248A0000373AB /* FactsViewModel.swift */; };
		6BB28FFB24C248B8000373AB /* Fact.swift in Sources */ = {isa = PBXBuildFile; fileRef = 6BB28FFA24C248B8000373AB /* Fact.swift */; };
/* End PBXBuildFile section */

/* Begin PBXContainerItemProxy section */
		6BB28FE124C24574000373AB /* PBXContainerItemProxy */ = {
			isa = PBXContainerItemProxy;
			containerPortal = 6BB28FBF24C2456D000373AB /* Project object */;
			proxyType = 1;
			remoteGlobalIDString = 6BB28FC624C2456D000373AB;
			remoteInfo = Facts;
		};
/* End PBXContainerItemProxy section */

/* Begin PBXFileReference section */
		6BA1F69F24D023380063854A /* AppConstants.swift */ = {isa = PBXFileReference; lastKnownFileType = sourcecode.swift; path = AppConstants.swift; sourceTree = "<group>"; };
		6BAB74D324C84880006461DE /* ImageLoader.swift */ = {isa = PBXFileReference; fileEncoding = 4; lastKnownFileType = sourcecode.swift; path = ImageLoader.swift; sourceTree = "<group>"; };
		6BAB74D524C849DF006461DE /* Downloader.swift */ = {isa = PBXFileReference; lastKnownFileType = sourcecode.swift; path = Downloader.swift; sourceTree = "<group>"; };
		6BAB74D724C84A61006461DE /* NetworkReachability.swift */ = {isa = PBXFileReference; lastKnownFileType = sourcecode.swift; path = NetworkReachability.swift; sourceTree = "<group>"; };
		6BAB74D924C85A15006461DE /* Helper.swift */ = {isa = PBXFileReference; lastKnownFileType = sourcecode.swift; path = Helper.swift; sourceTree = "<group>"; };
		6BB28FC724C2456D000373AB /* Facts.app */ = {isa = PBXFileReference; explicitFileType = wrapper.application; includeInIndex = 0; path = Facts.app; sourceTree = BUILT_PRODUCTS_DIR; };
		6BB28FCA24C2456D000373AB /* AppDelegate.swift */ = {isa = PBXFileReference; lastKnownFileType = sourcecode.swift; path = AppDelegate.swift; sourceTree = "<group>"; };
		6BB28FCC24C2456D000373AB /* SceneDelegate.swift */ = {isa = PBXFileReference; lastKnownFileType = sourcecode.swift; path = SceneDelegate.swift; sourceTree = "<group>"; };
		6BB28FD424C2456D000373AB /* Facts.xcdatamodel */ = {isa = PBXFileReference; lastKnownFileType = wrapper.xcdatamodel; path = Facts.xcdatamodel; sourceTree = "<group>"; };
		6BB28FD624C24574000373AB /* Assets.xcassets */ = {isa = PBXFileReference; lastKnownFileType = folder.assetcatalog; path = Assets.xcassets; sourceTree = "<group>"; };
		6BB28FD924C24574000373AB /* Base */ = {isa = PBXFileReference; lastKnownFileType = file.storyboard; name = Base; path = Base.lproj/LaunchScreen.storyboard; sourceTree = "<group>"; };
		6BB28FDB24C24574000373AB /* Info.plist */ = {isa = PBXFileReference; lastKnownFileType = text.plist.xml; path = Info.plist; sourceTree = "<group>"; };
		6BB28FE024C24574000373AB /* FactsTests.xctest */ = {isa = PBXFileReference; explicitFileType = wrapper.cfbundle; includeInIndex = 0; path = FactsTests.xctest; sourceTree = BUILT_PRODUCTS_DIR; };
		6BB28FE424C24574000373AB /* FactsTests.swift */ = {isa = PBXFileReference; lastKnownFileType = sourcecode.swift; path = FactsTests.swift; sourceTree = "<group>"; };
		6BB28FE624C24574000373AB /* Info.plist */ = {isa = PBXFileReference; lastKnownFileType = text.plist.xml; path = Info.plist; sourceTree = "<group>"; };
		6BB28FF424C2485D000373AB /* FactsViewController.swift */ = {isa = PBXFileReference; lastKnownFileType = sourcecode.swift; path = FactsViewController.swift; sourceTree = "<group>"; };
		6BB28FF624C24878000373AB /* FactTableViewCell.swift */ = {isa = PBXFileReference; lastKnownFileType = sourcecode.swift; path = FactTableViewCell.swift; sourceTree = "<group>"; };
		6BB28FF824C248A0000373AB /* FactsViewModel.swift */ = {isa = PBXFileReference; lastKnownFileType = sourcecode.swift; path = FactsViewModel.swift; sourceTree = "<group>"; };
		6BB28FFA24C248B8000373AB /* Fact.swift */ = {isa = PBXFileReference; lastKnownFileType = sourcecode.swift; path = Fact.swift; sourceTree = "<group>"; };
/* End PBXFileReference section */

/* Begin PBXFrameworksBuildPhase section */
		6BB28FC424C2456D000373AB /* Frameworks */ = {
			isa = PBXFrameworksBuildPhase;
			buildActionMask = 2147483647;
			files = (
			);
			runOnlyForDeploymentPostprocessing = 0;
		};
		6BB28FDD24C24574000373AB /* Frameworks */ = {
			isa = PBXFrameworksBuildPhase;
			buildActionMask = 2147483647;
			files = (
			);
			runOnlyForDeploymentPostprocessing = 0;
		};
/* End PBXFrameworksBuildPhase section */

/* Begin PBXGroup section */
		6B3D94B824D3B3A000D2B6D3 /* SupportFiles */ = {
			isa = PBXGroup;
			children = (
				6BB28FD624C24574000373AB /* Assets.xcassets */,
				6BB28FD324C2456D000373AB /* Facts.xcdatamodeld */,
				6BB28FD824C24574000373AB /* LaunchScreen.storyboard */,
			);
			path = SupportFiles;
			sourceTree = "<group>";
		};
		6BAB74D224C84880006461DE /* Utility */ = {
			isa = PBXGroup;
			children = (
				6BAB74D324C84880006461DE /* ImageLoader.swift */,
				6BAB74D524C849DF006461DE /* Downloader.swift */,
				6BAB74D724C84A61006461DE /* NetworkReachability.swift */,
				6BAB74D924C85A15006461DE /* Helper.swift */,
				6BA1F69F24D023380063854A /* AppConstants.swift */,
			);
			path = Utility;
			sourceTree = "<group>";
		};
		6BB28FBE24C2456D000373AB = {
			isa = PBXGroup;
			children = (
				6BB28FC924C2456D000373AB /* Facts */,
				6BB28FE324C24574000373AB /* FactsTests */,
				6BB28FC824C2456D000373AB /* Products */,
			);
			sourceTree = "<group>";
		};
		6BB28FC824C2456D000373AB /* Products */ = {
			isa = PBXGroup;
			children = (
				6BB28FC724C2456D000373AB /* Facts.app */,
				6BB28FE024C24574000373AB /* FactsTests.xctest */,
			);
			name = Products;
			sourceTree = "<group>";
		};
		6BB28FC924C2456D000373AB /* Facts */ = {
			isa = PBXGroup;
			children = (
				6BAB74D224C84880006461DE /* Utility */,
				6BB28FEF24C247F8000373AB /* Application */,
				6BB28FF324C24840000373AB /* Model */,
				6BB28FF224C2482C000373AB /* ViewModel */,
				6BB28FF124C24827000373AB /* View */,
				6BB28FF024C24812000373AB /* Controller */,
				6B3D94B824D3B3A000D2B6D3 /* SupportFiles */,
				6BB28FDB24C24574000373AB /* Info.plist */,
			);
			path = Facts;
			sourceTree = "<group>";
		};
		6BB28FE324C24574000373AB /* FactsTests */ = {
			isa = PBXGroup;
			children = (
				6BB28FE424C24574000373AB /* FactsTests.swift */,
				6BB28FE624C24574000373AB /* Info.plist */,
			);
			path = FactsTests;
			sourceTree = "<group>";
		};
		6BB28FEF24C247F8000373AB /* Application */ = {
			isa = PBXGroup;
			children = (
				6BB28FCA24C2456D000373AB /* AppDelegate.swift */,
				6BB28FCC24C2456D000373AB /* SceneDelegate.swift */,
			);
			path = Application;
			sourceTree = "<group>";
		};
		6BB28FF024C24812000373AB /* Controller */ = {
			isa = PBXGroup;
			children = (
				6BB28FF424C2485D000373AB /* FactsViewController.swift */,
			);
			path = Controller;
			sourceTree = "<group>";
		};
		6BB28FF124C24827000373AB /* View */ = {
			isa = PBXGroup;
			children = (
				6BB28FF624C24878000373AB /* FactTableViewCell.swift */,
			);
			path = View;
			sourceTree = "<group>";
		};
		6BB28FF224C2482C000373AB /* ViewModel */ = {
			isa = PBXGroup;
			children = (
				6BB28FF824C248A0000373AB /* FactsViewModel.swift */,
			);
			path = ViewModel;
			sourceTree = "<group>";
		};
		6BB28FF324C24840000373AB /* Model */ = {
			isa = PBXGroup;
			children = (
				6BB28FFA24C248B8000373AB /* Fact.swift */,
			);
			path = Model;
			sourceTree = "<group>";
		};
/* End PBXGroup section */

/* Begin PBXNativeTarget section */
		6BB28FC624C2456D000373AB /* Facts */ = {
			isa = PBXNativeTarget;
			buildConfigurationList = 6BB28FE924C24574000373AB /* Build configuration list for PBXNativeTarget "Facts" */;
			buildPhases = (
				6BB28FC324C2456D000373AB /* Sources */,
				6BB28FC424C2456D000373AB /* Frameworks */,
				6BB28FC524C2456D000373AB /* Resources */,
			);
			buildRules = (
			);
			dependencies = (
			);
			name = Facts;
			productName = Facts;
			productReference = 6BB28FC724C2456D000373AB /* Facts.app */;
			productType = "com.apple.product-type.application";
		};
		6BB28FDF24C24574000373AB /* FactsTests */ = {
			isa = PBXNativeTarget;
			buildConfigurationList = 6BB28FEC24C24574000373AB /* Build configuration list for PBXNativeTarget "FactsTests" */;
			buildPhases = (
				6BB28FDC24C24574000373AB /* Sources */,
				6BB28FDD24C24574000373AB /* Frameworks */,
				6BB28FDE24C24574000373AB /* Resources */,
			);
			buildRules = (
			);
			dependencies = (
				6BB28FE224C24574000373AB /* PBXTargetDependency */,
			);
			name = FactsTests;
			productName = FactsTests;
			productReference = 6BB28FE024C24574000373AB /* FactsTests.xctest */;
			productType = "com.apple.product-type.bundle.unit-test";
		};
/* End PBXNativeTarget section */

/* Begin PBXProject section */
		6BB28FBF24C2456D000373AB /* Project object */ = {
			isa = PBXProject;
			attributes = {
				LastSwiftUpdateCheck = 1160;
				LastUpgradeCheck = 1160;
				ORGANIZATIONNAME = Bilven;
				TargetAttributes = {
					6BB28FC624C2456D000373AB = {
						CreatedOnToolsVersion = 11.6;
					};
					6BB28FDF24C24574000373AB = {
						CreatedOnToolsVersion = 11.6;
						TestTargetID = 6BB28FC624C2456D000373AB;
					};
				};
			};
			buildConfigurationList = 6BB28FC224C2456D000373AB /* Build configuration list for PBXProject "Facts" */;
			compatibilityVersion = "Xcode 9.3";
			developmentRegion = en;
			hasScannedForEncodings = 0;
			knownRegions = (
				en,
				Base,
			);
			mainGroup = 6BB28FBE24C2456D000373AB;
			productRefGroup = 6BB28FC824C2456D000373AB /* Products */;
			projectDirPath = "";
			projectRoot = "";
			targets = (
				6BB28FC624C2456D000373AB /* Facts */,
				6BB28FDF24C24574000373AB /* FactsTests */,
			);
		};
/* End PBXProject section */

/* Begin PBXResourcesBuildPhase section */
		6BB28FC524C2456D000373AB /* Resources */ = {
			isa = PBXResourcesBuildPhase;
			buildActionMask = 2147483647;
			files = (
				6BB28FDA24C24574000373AB /* LaunchScreen.storyboard in Resources */,
				6BB28FD724C24574000373AB /* Assets.xcassets in Resources */,
			);
			runOnlyForDeploymentPostprocessing = 0;
		};
		6BB28FDE24C24574000373AB /* Resources */ = {
			isa = PBXResourcesBuildPhase;
			buildActionMask = 2147483647;
			files = (
			);
			runOnlyForDeploymentPostprocessing = 0;
		};
/* End PBXResourcesBuildPhase section */

/* Begin PBXSourcesBuildPhase section */
		6BB28FC324C2456D000373AB /* Sources */ = {
			isa = PBXSourcesBuildPhase;
			buildActionMask = 2147483647;
			files = (
				6BAB74DA24C85A15006461DE /* Helper.swift in Sources */,
				6BB28FF924C248A0000373AB /* FactsViewModel.swift in Sources */,
				6BB28FF524C2485D000373AB /* FactsViewController.swift in Sources */,
				6BB28FCB24C2456D000373AB /* AppDelegate.swift in Sources */,
				6BB28FF724C24878000373AB /* FactTableViewCell.swift in Sources */,
				6BB28FFB24C248B8000373AB /* Fact.swift in Sources */,
				6BAB74D624C849DF006461DE /* Downloader.swift in Sources */,
				6BA1F6A024D023380063854A /* AppConstants.swift in Sources */,
				6BB28FCD24C2456D000373AB /* SceneDelegate.swift in Sources */,
				6BAB74D424C84880006461DE /* ImageLoader.swift in Sources */,
				6BB28FD524C2456D000373AB /* Facts.xcdatamodeld in Sources */,
				6BAB74D824C84A61006461DE /* NetworkReachability.swift in Sources */,
			);
			runOnlyForDeploymentPostprocessing = 0;
		};
		6BB28FDC24C24574000373AB /* Sources */ = {
			isa = PBXSourcesBuildPhase;
			buildActionMask = 2147483647;
			files = (
				6BB28FE524C24574000373AB /* FactsTests.swift in Sources */,
			);
			runOnlyForDeploymentPostprocessing = 0;
		};
/* End PBXSourcesBuildPhase section */

/* Begin PBXTargetDependency section */
		6BB28FE224C24574000373AB /* PBXTargetDependency */ = {
			isa = PBXTargetDependency;
			target = 6BB28FC624C2456D000373AB /* Facts */;
			targetProxy = 6BB28FE124C24574000373AB /* PBXContainerItemProxy */;
		};
/* End PBXTargetDependency section */

/* Begin PBXVariantGroup section */
		6BB28FD824C24574000373AB /* LaunchScreen.storyboard */ = {
			isa = PBXVariantGroup;
			children = (
				6BB28FD924C24574000373AB /* Base */,
			);
			name = LaunchScreen.storyboard;
			sourceTree = "<group>";
		};
/* End PBXVariantGroup section */

/* Begin XCBuildConfiguration section */
		6BB28FE724C24574000373AB /* Debug */ = {
			isa = XCBuildConfiguration;
			buildSettings = {
				ALWAYS_SEARCH_USER_PATHS = NO;
				CLANG_ANALYZER_NONNULL = YES;
				CLANG_ANALYZER_NUMBER_OBJECT_CONVERSION = YES_AGGRESSIVE;
				CLANG_CXX_LANGUAGE_STANDARD = "gnu++14";
				CLANG_CXX_LIBRARY = "libc++";
				CLANG_ENABLE_MODULES = YES;
				CLANG_ENABLE_OBJC_ARC = YES;
				CLANG_ENABLE_OBJC_WEAK = YES;
				CLANG_WARN_BLOCK_CAPTURE_AUTORELEASING = YES;
				CLANG_WARN_BOOL_CONVERSION = YES;
				CLANG_WARN_COMMA = YES;
				CLANG_WARN_CONSTANT_CONVERSION = YES;
				CLANG_WARN_DEPRECATED_OBJC_IMPLEMENTATIONS = YES;
				CLANG_WARN_DIRECT_OBJC_ISA_USAGE = YES_ERROR;
				CLANG_WARN_DOCUMENTATION_COMMENTS = YES;
				CLANG_WARN_EMPTY_BODY = YES;
				CLANG_WARN_ENUM_CONVERSION = YES;
				CLANG_WARN_INFINITE_RECURSION = YES;
				CLANG_WARN_INT_CONVERSION = YES;
				CLANG_WARN_NON_LITERAL_NULL_CONVERSION = YES;
				CLANG_WARN_OBJC_IMPLICIT_RETAIN_SELF = YES;
				CLANG_WARN_OBJC_LITERAL_CONVERSION = YES;
				CLANG_WARN_OBJC_ROOT_CLASS = YES_ERROR;
				CLANG_WARN_RANGE_LOOP_ANALYSIS = YES;
				CLANG_WARN_STRICT_PROTOTYPES = YES;
				CLANG_WARN_SUSPICIOUS_MOVE = YES;
				CLANG_WARN_UNGUARDED_AVAILABILITY = YES_AGGRESSIVE;
				CLANG_WARN_UNREACHABLE_CODE = YES;
				CLANG_WARN__DUPLICATE_METHOD_MATCH = YES;
				COPY_PHASE_STRIP = NO;
				DEBUG_INFORMATION_FORMAT = dwarf;
				ENABLE_STRICT_OBJC_MSGSEND = YES;
				ENABLE_TESTABILITY = YES;
				GCC_C_LANGUAGE_STANDARD = gnu11;
				GCC_DYNAMIC_NO_PIC = NO;
				GCC_NO_COMMON_BLOCKS = YES;
				GCC_OPTIMIZATION_LEVEL = 0;
				GCC_PREPROCESSOR_DEFINITIONS = (
					"DEBUG=1",
					"$(inherited)",
				);
				GCC_WARN_64_TO_32_BIT_CONVERSION = YES;
				GCC_WARN_ABOUT_RETURN_TYPE = YES_ERROR;
				GCC_WARN_UNDECLARED_SELECTOR = YES;
				GCC_WARN_UNINITIALIZED_AUTOS = YES_AGGRESSIVE;
				GCC_WARN_UNUSED_FUNCTION = YES;
				GCC_WARN_UNUSED_VARIABLE = YES;
				IPHONEOS_DEPLOYMENT_TARGET = 13.6;
				MTL_ENABLE_DEBUG_INFO = INCLUDE_SOURCE;
				MTL_FAST_MATH = YES;
				ONLY_ACTIVE_ARCH = YES;
				SDKROOT = iphoneos;
				SWIFT_ACTIVE_COMPILATION_CONDITIONS = DEBUG;
				SWIFT_OPTIMIZATION_LEVEL = "-Onone";
			};
			name = Debug;
		};
		6BB28FE824C24574000373AB /* Release */ = {
			isa = XCBuildConfiguration;
			buildSettings = {
				ALWAYS_SEARCH_USER_PATHS = NO;
				CLANG_ANALYZER_NONNULL = YES;
				CLANG_ANALYZER_NUMBER_OBJECT_CONVERSION = YES_AGGRESSIVE;
				CLANG_CXX_LANGUAGE_STANDARD = "gnu++14";
				CLANG_CXX_LIBRARY = "libc++";
				CLANG_ENABLE_MODULES = YES;
				CLANG_ENABLE_OBJC_ARC = YES;
				CLANG_ENABLE_OBJC_WEAK = YES;
				CLANG_WARN_BLOCK_CAPTURE_AUTORELEASING = YES;
				CLANG_WARN_BOOL_CONVERSION = YES;
				CLANG_WARN_COMMA = YES;
				CLANG_WARN_CONSTANT_CONVERSION = YES;
				CLANG_WARN_DEPRECATED_OBJC_IMPLEMENTATIONS = YES;
				CLANG_WARN_DIRECT_OBJC_ISA_USAGE = YES_ERROR;
				CLANG_WARN_DOCUMENTATION_COMMENTS = YES;
				CLANG_WARN_EMPTY_BODY = YES;
				CLANG_WARN_ENUM_CONVERSION = YES;
				CLANG_WARN_INFINITE_RECURSION = YES;
				CLANG_WARN_INT_CONVERSION = YES;
				CLANG_WARN_NON_LITERAL_NULL_CONVERSION = YES;
				CLANG_WARN_OBJC_IMPLICIT_RETAIN_SELF = YES;
				CLANG_WARN_OBJC_LITERAL_CONVERSION = YES;
				CLANG_WARN_OBJC_ROOT_CLASS = YES_ERROR;
				CLANG_WARN_RANGE_LOOP_ANALYSIS = YES;
				CLANG_WARN_STRICT_PROTOTYPES = YES;
				CLANG_WARN_SUSPICIOUS_MOVE = YES;
				CLANG_WARN_UNGUARDED_AVAILABILITY = YES_AGGRESSIVE;
				CLANG_WARN_UNREACHABLE_CODE = YES;
				CLANG_WARN__DUPLICATE_METHOD_MATCH = YES;
				COPY_PHASE_STRIP = NO;
				DEBUG_INFORMATION_FORMAT = "dwarf-with-dsym";
				ENABLE_NS_ASSERTIONS = NO;
				ENABLE_STRICT_OBJC_MSGSEND = YES;
				GCC_C_LANGUAGE_STANDARD = gnu11;
				GCC_NO_COMMON_BLOCKS = YES;
				GCC_WARN_64_TO_32_BIT_CONVERSION = YES;
				GCC_WARN_ABOUT_RETURN_TYPE = YES_ERROR;
				GCC_WARN_UNDECLARED_SELECTOR = YES;
				GCC_WARN_UNINITIALIZED_AUTOS = YES_AGGRESSIVE;
				GCC_WARN_UNUSED_FUNCTION = YES;
				GCC_WARN_UNUSED_VARIABLE = YES;
				IPHONEOS_DEPLOYMENT_TARGET = 13.6;
				MTL_ENABLE_DEBUG_INFO = NO;
				MTL_FAST_MATH = YES;
				SDKROOT = iphoneos;
				SWIFT_COMPILATION_MODE = wholemodule;
				SWIFT_OPTIMIZATION_LEVEL = "-O";
				VALIDATE_PRODUCT = YES;
			};
			name = Release;
		};
		6BB28FEA24C24574000373AB /* Debug */ = {
			isa = XCBuildConfiguration;
			buildSettings = {
				ASSETCATALOG_COMPILER_APPICON_NAME = AppIcon;
				CODE_SIGN_STYLE = Automatic;
				DEVELOPMENT_TEAM = 5A693V6KR5;
				INFOPLIST_FILE = Facts/Info.plist;
				IPHONEOS_DEPLOYMENT_TARGET = 13.0;
				LD_RUNPATH_SEARCH_PATHS = (
					"$(inherited)",
					"@executable_path/Frameworks",
				);
				PRODUCT_BUNDLE_IDENTIFIER = com.wipro.facts;
				PRODUCT_NAME = "$(TARGET_NAME)";
				SWIFT_VERSION = 5.0;
				TARGETED_DEVICE_FAMILY = "1,2";
			};
			name = Debug;
		};
		6BB28FEB24C24574000373AB /* Release */ = {
			isa = XCBuildConfiguration;
			buildSettings = {
				ASSETCATALOG_COMPILER_APPICON_NAME = AppIcon;
				CODE_SIGN_STYLE = Automatic;
				DEVELOPMENT_TEAM = 5A693V6KR5;
				INFOPLIST_FILE = Facts/Info.plist;
				IPHONEOS_DEPLOYMENT_TARGET = 13.0;
				LD_RUNPATH_SEARCH_PATHS = (
					"$(inherited)",
					"@executable_path/Frameworks",
				);
				PRODUCT_BUNDLE_IDENTIFIER = com.wipro.facts;
				PRODUCT_NAME = "$(TARGET_NAME)";
				SWIFT_VERSION = 5.0;
				TARGETED_DEVICE_FAMILY = "1,2";
			};
			name = Release;
		};
		6BB28FED24C24574000373AB /* Debug */ = {
			isa = XCBuildConfiguration;
			buildSettings = {
				ALWAYS_EMBED_SWIFT_STANDARD_LIBRARIES = YES;
				BUNDLE_LOADER = "$(TEST_HOST)";
				CODE_SIGN_STYLE = Automatic;
				INFOPLIST_FILE = FactsTests/Info.plist;
				IPHONEOS_DEPLOYMENT_TARGET = 13.6;
				LD_RUNPATH_SEARCH_PATHS = (
					"$(inherited)",
					"@executable_path/Frameworks",
					"@loader_path/Frameworks",
				);
				PRODUCT_BUNDLE_IDENTIFIER = com.FactsTests;
				PRODUCT_NAME = "$(TARGET_NAME)";
				SWIFT_VERSION = 5.0;
				TARGETED_DEVICE_FAMILY = "1,2";
				TEST_HOST = "$(BUILT_PRODUCTS_DIR)/Facts.app/Facts";
			};
			name = Debug;
		};
		6BB28FEE24C24574000373AB /* Release */ = {
			isa = XCBuildConfiguration;
			buildSettings = {
				ALWAYS_EMBED_SWIFT_STANDARD_LIBRARIES = YES;
				BUNDLE_LOADER = "$(TEST_HOST)";
				CODE_SIGN_STYLE = Automatic;
				INFOPLIST_FILE = FactsTests/Info.plist;
				IPHONEOS_DEPLOYMENT_TARGET = 13.6;
				LD_RUNPATH_SEARCH_PATHS = (
					"$(inherited)",
					"@executable_path/Frameworks",
					"@loader_path/Frameworks",
				);
				PRODUCT_BUNDLE_IDENTIFIER = com.FactsTests;
				PRODUCT_NAME = "$(TARGET_NAME)";
				SWIFT_VERSION = 5.0;
				TARGETED_DEVICE_FAMILY = "1,2";
				TEST_HOST = "$(BUILT_PRODUCTS_DIR)/Facts.app/Facts";
			};
			name = Release;
		};
/* End XCBuildConfiguration section */

/* Begin XCConfigurationList section */
		6BB28FC224C2456D000373AB /* Build configuration list for PBXProject "Facts" */ = {
			isa = XCConfigurationList;
			buildConfigurations = (
				6BB28FE724C24574000373AB /* Debug */,
				6BB28FE824C24574000373AB /* Release */,
			);
			defaultConfigurationIsVisible = 0;
			defaultConfigurationName = Release;
		};
		6BB28FE924C24574000373AB /* Build configuration list for PBXNativeTarget "Facts" */ = {
			isa = XCConfigurationList;
			buildConfigurations = (
				6BB28FEA24C24574000373AB /* Debug */,
				6BB28FEB24C24574000373AB /* Release */,
			);
			defaultConfigurationIsVisible = 0;
			defaultConfigurationName = Release;
		};
		6BB28FEC24C24574000373AB /* Build configuration list for PBXNativeTarget "FactsTests" */ = {
			isa = XCConfigurationList;
			buildConfigurations = (
				6BB28FED24C24574000373AB /* Debug */,
				6BB28FEE24C24574000373AB /* Release */,
			);
			defaultConfigurationIsVisible = 0;
			defaultConfigurationName = Release;
		};
/* End XCConfigurationList section */

/* Begin XCVersionGroup section */
		6BB28FD324C2456D000373AB /* Facts.xcdatamodeld */ = {
			isa = XCVersionGroup;
			children = (
				6BB28FD424C2456D000373AB /* Facts.xcdatamodel */,
			);
			currentVersion = 6BB28FD424C2456D000373AB /* Facts.xcdatamodel */;
			path = Facts.xcdatamodeld;
			sourceTree = "<group>";
			versionGroupType = wrapper.xcdatamodel;
		};
/* End XCVersionGroup section */
	};
	rootObject = 6BB28FBF24C2456D000373AB /* Project object */;
}
